<?xml version="1.0" encoding="utf-8"?>
<Project ToolsVersion="4.0" xmlns="http://schemas.microsoft.com/developer/msbuild/2003">
  <ItemGroup>
    <Filter Include="Source Files">
      <UniqueIdentifier>{b8a66b66-1e1d-446a-891f-0e137a6a2a75}</UniqueIdentifier>
      <Extensions>cpp;c;cxx;rc;def;r;odl;idl;hpj;bat</Extensions>
    </Filter>
    <Filter Include="Header Files">
      <UniqueIdentifier>{3d0b1a1b-1131-48e1-85d3-b5f35ce9219c}</UniqueIdentifier>
      <Extensions>h;hpp;hxx;hm;inl</Extensions>
    </Filter>
    <Filter Include="Resource Files">
      <UniqueIdentifier>{8540b9f2-52cf-4590-be61-3db9ea2de9f0}</UniqueIdentifier>
      <Extensions>ico;cur;bmp;dlg;rc2;rct;bin;rgs;gif;jpg;jpeg;jpe</Extensions>
    </Filter>
  </ItemGroup>
  <ItemGroup>
    <ClCompile Include="Asteroid.cpp">
      <Filter>Source Files</Filter>
    </ClCompile>
    <ClCompile Include="AudDlg.cpp">
      <Filter>Source Files</Filter>
    </ClCompile>
    <ClCompile Include="AudioConfig.cpp">
      <Filter>Source Files</Filter>
    </ClCompile>
    <ClCompile Include="Authorization.cpp">
      <Filter>Source Files</Filter>
    </ClCompile>
    <ClCompile Include="AwardDlg.cpp">
      <Filter>Source Files</Filter>
    </ClCompile>
    <ClCompile Include="AwardShowDlg.cpp">
      <Filter>Source Files</Filter>
    </ClCompile>
    <ClCompile Include="Callsign.cpp">
      <Filter>Source Files</Filter>
    </ClCompile>
    <ClCompile Include="CameraDirector.cpp">
      <Filter>Source Files</Filter>
    </ClCompile>
    <ClCompile Include="..\nGenEx\CameraView.cpp">
      <Filter>Source Files</Filter>
    </ClCompile>
    <ClCompile Include="Campaign.cpp">
      <Filter>Source Files</Filter>
    </ClCompile>
    <ClCompile Include="CampaignMissionFighter.cpp">
      <Filter>Source Files</Filter>
    </ClCompile>
    <ClCompile Include="CampaignMissionRequest.cpp">
      <Filter>Source Files</Filter>
    </ClCompile>
    <ClCompile Include="CampaignMissionStarship.cpp">
      <Filter>Source Files</Filter>
    </ClCompile>
    <ClCompile Include="CampaignPlanAssignment.cpp">
      <Filter>Source Files</Filter>
    </ClCompile>
    <ClCompile Include="CampaignPlanEvent.cpp">
      <Filter>Source Files</Filter>
    </ClCompile>
    <ClCompile Include="CampaignPlanMission.cpp">
      <Filter>Source Files</Filter>
    </ClCompile>
    <ClCompile Include="CampaignPlanMovement.cpp">
      <Filter>Source Files</Filter>
    </ClCompile>
    <ClCompile Include="CampaignPlanStrategic.cpp">
      <Filter>Source Files</Filter>
    </ClCompile>
    <ClCompile Include="CampaignSaveGame.cpp">
      <Filter>Source Files</Filter>
    </ClCompile>
    <ClCompile Include="CampaignSituationReport.cpp">
      <Filter>Source Files</Filter>
    </ClCompile>
    <ClCompile Include="CarrierAI.cpp">
      <Filter>Source Files</Filter>
    </ClCompile>
    <ClCompile Include="CmdDlg.cpp">
      <Filter>Source Files</Filter>
    </ClCompile>
    <ClCompile Include="CmdForceDlg.cpp">
      <Filter>Source Files</Filter>
    </ClCompile>
    <ClCompile Include="CmdIntelDlg.cpp">
      <Filter>Source Files</Filter>
    </ClCompile>
    <ClCompile Include="CmdMissionsDlg.cpp">
      <Filter>Source Files</Filter>
    </ClCompile>
    <ClCompile Include="CmdMsgDlg.cpp">
      <Filter>Source Files</Filter>
    </ClCompile>
    <ClCompile Include="CmdOrdersDlg.cpp">
      <Filter>Source Files</Filter>
    </ClCompile>
    <ClCompile Include="CmdTheaterDlg.cpp">
      <Filter>Source Files</Filter>
    </ClCompile>
    <ClCompile Include="CmdTitleDlg.cpp">
      <Filter>Source Files</Filter>
    </ClCompile>
    <ClCompile Include="CmpCompleteDlg.cpp">
      <Filter>Source Files</Filter>
    </ClCompile>
    <ClCompile Include="CmpFileDlg.cpp">
      <Filter>Source Files</Filter>
    </ClCompile>
    <ClCompile Include="CmpLoadDlg.cpp">
      <Filter>Source Files</Filter>
    </ClCompile>
    <ClCompile Include="CmpnScreen.cpp">
      <Filter>Source Files</Filter>
    </ClCompile>
    <ClCompile Include="CmpSceneDlg.cpp">
      <Filter>Source Files</Filter>
    </ClCompile>
    <ClCompile Include="CmpSelectDlg.cpp">
      <Filter>Source Files</Filter>
    </ClCompile>
    <ClCompile Include="CombatAction.cpp">
      <Filter>Source Files</Filter>
    </ClCompile>
    <ClCompile Include="Combatant.cpp">
      <Filter>Source Files</Filter>
    </ClCompile>
    <ClCompile Include="CombatAssignment.cpp">
      <Filter>Source Files</Filter>
    </ClCompile>
    <ClCompile Include="CombatEvent.cpp">
      <Filter>Source Files</Filter>
    </ClCompile>
    <ClCompile Include="CombatGroup.cpp">
      <Filter>Source Files</Filter>
    </ClCompile>
    <ClCompile Include="CombatRoster.cpp">
      <Filter>Source Files</Filter>
    </ClCompile>
    <ClCompile Include="CombatUnit.cpp">
      <Filter>Source Files</Filter>
    </ClCompile>
    <ClCompile Include="CombatZone.cpp">
      <Filter>Source Files</Filter>
    </ClCompile>
    <ClCompile Include="Component.cpp">
      <Filter>Source Files</Filter>
    </ClCompile>
    <ClCompile Include="Computer.cpp">
      <Filter>Source Files</Filter>
    </ClCompile>
    <ClCompile Include="ConfirmDlg.cpp">
      <Filter>Source Files</Filter>
    </ClCompile>
    <ClCompile Include="Contact.cpp">
      <Filter>Source Files</Filter>
    </ClCompile>
    <ClCompile Include="CtlDlg.cpp">
      <Filter>Source Files</Filter>
    </ClCompile>
    <ClCompile Include="DebriefDlg.cpp">
      <Filter>Source Files</Filter>
    </ClCompile>
    <ClCompile Include="Debris.cpp">
      <Filter>Source Files</Filter>
    </ClCompile>
    <ClCompile Include="DetailSet.cpp">
      <Filter>Source Files</Filter>
    </ClCompile>
    <ClCompile Include="DisplayView.cpp">
      <Filter>Source Files</Filter>
    </ClCompile>
    <ClCompile Include="Drive.cpp">
      <Filter>Source Files</Filter>
    </ClCompile>
    <ClCompile Include="DriveSprite.cpp">
      <Filter>Source Files</Filter>
    </ClCompile>
    <ClCompile Include="Drone.cpp">
      <Filter>Source Files</Filter>
    </ClCompile>
    <ClCompile Include="DropShipAI.cpp">
      <Filter>Source Files</Filter>
    </ClCompile>
    <ClCompile Include="Element.cpp">
      <Filter>Source Files</Filter>
    </ClCompile>
    <ClCompile Include="EngDlg.cpp">
      <Filter>Source Files</Filter>
    </ClCompile>
    <ClCompile Include="ExceptionHandler.cpp">
      <Filter>Source Files</Filter>
    </ClCompile>
    <ClCompile Include="ExitDlg.cpp">
      <Filter>Source Files</Filter>
    </ClCompile>
    <ClCompile Include="Explosion.cpp">
      <Filter>Source Files</Filter>
    </ClCompile>
    <ClCompile Include="Farcaster.cpp">
      <Filter>Source Files</Filter>
    </ClCompile>
    <ClCompile Include="FighterAI.cpp">
      <Filter>Source Files</Filter>
    </ClCompile>
    <ClCompile Include="FighterTacticalAI.cpp">
      <Filter>Source Files</Filter>
    </ClCompile>
    <ClCompile Include="FirstTimeDlg.cpp">
      <Filter>Source Files</Filter>
    </ClCompile>
    <ClCompile Include="FlightComp.cpp">
      <Filter>Source Files</Filter>
    </ClCompile>
    <ClCompile Include="FlightDeck.cpp">
      <Filter>Source Files</Filter>
    </ClCompile>
    <ClCompile Include="FlightPlanner.cpp">
      <Filter>Source Files</Filter>
    </ClCompile>
    <ClCompile Include="FltDlg.cpp">
      <Filter>Source Files</Filter>
    </ClCompile>
    <ClCompile Include="..\nGenEx\Font.cpp">
      <Filter>Source Files</Filter>
    </ClCompile>
    <ClCompile Include="..\nGenEx\FormDef.cpp">
      <Filter>Source Files</Filter>
    </ClCompile>
    <ClCompile Include="Galaxy.cpp">
      <Filter>Source Files</Filter>
    </ClCompile>
    <ClCompile Include="GameScreen.cpp">
      <Filter>Source Files</Filter>
    </ClCompile>
    <ClCompile Include="Grid.cpp">
      <Filter>Source Files</Filter>
    </ClCompile>
    <ClCompile Include="GroundAI.cpp">
      <Filter>Source Files</Filter>
    </ClCompile>
    <ClCompile Include="Hangar.cpp">
      <Filter>Source Files</Filter>
    </ClCompile>
    <ClCompile Include="HardPoint.cpp">
      <Filter>Source Files</Filter>
    </ClCompile>
    <ClCompile Include="Hoop.cpp">
      <Filter>Source Files</Filter>
    </ClCompile>
    <ClCompile Include="HUDSounds.cpp">
      <Filter>Source Files</Filter>
    </ClCompile>
    <ClCompile Include="HUDView.cpp">
      <Filter>Source Files</Filter>
    </ClCompile>
    <ClCompile Include="Instruction.cpp">
      <Filter>Source Files</Filter>
    </ClCompile>
    <ClCompile Include="Intel.cpp">
      <Filter>Source Files</Filter>
    </ClCompile>
    <ClCompile Include="JoyDlg.cpp">
      <Filter>Source Files</Filter>
    </ClCompile>
    <ClCompile Include="KeyDlg.cpp">
      <Filter>Source Files</Filter>
    </ClCompile>
    <ClCompile Include="KeyMap.cpp">
      <Filter>Source Files</Filter>
    </ClCompile>
    <ClCompile Include="LandingGear.cpp">
      <Filter>Source Files</Filter>
    </ClCompile>
    <ClCompile Include="LoadDlg.cpp">
      <Filter>Source Files</Filter>
    </ClCompile>
    <ClCompile Include="LoadScreen.cpp">
      <Filter>Source Files</Filter>
    </ClCompile>
    <ClCompile Include="Main.cpp">
      <Filter>Source Files</Filter>
    </ClCompile>
    <ClCompile Include="MapView.cpp">
      <Filter>Source Files</Filter>
    </ClCompile>
    <ClCompile Include="MenuDlg.cpp">
      <Filter>Source Files</Filter>
    </ClCompile>
    <ClCompile Include="MenuScreen.cpp">
      <Filter>Source Files</Filter>
    </ClCompile>
    <ClCompile Include="MenuView.cpp">
      <Filter>Source Files</Filter>
    </ClCompile>
    <ClCompile Include="Mfd.cpp">
      <Filter>Source Files</Filter>
    </ClCompile>
    <ClCompile Include="Mission.cpp">
      <Filter>Source Files</Filter>
    </ClCompile>
    <ClCompile Include="MissionEvent.cpp">
      <Filter>Source Files</Filter>
    </ClCompile>
    <ClCompile Include="MissionTemplate.cpp">
      <Filter>Source Files</Filter>
    </ClCompile>
    <ClCompile Include="ModConfig.cpp">
      <Filter>Source Files</Filter>
    </ClCompile>
    <ClCompile Include="ModDlg.cpp">
      <Filter>Source Files</Filter>
    </ClCompile>
    <ClCompile Include="ModInfo.cpp">
      <Filter>Source Files</Filter>
    </ClCompile>
    <ClCompile Include="ModInfoDlg.cpp">
      <Filter>Source Files</Filter>
    </ClCompile>
    <ClCompile Include="..\nGenEx\Mouse.cpp">
      <Filter>Source Files</Filter>
    </ClCompile>
    <ClCompile Include="MsnDlg.cpp">
      <Filter>Source Files</Filter>
    </ClCompile>
    <ClCompile Include="MsnEditDlg.cpp">
      <Filter>Source Files</Filter>
    </ClCompile>
    <ClCompile Include="MsnEditNavDlg.cpp">
      <Filter>Source Files</Filter>
    </ClCompile>
    <ClCompile Include="MsnElemDlg.cpp">
      <Filter>Source Files</Filter>
    </ClCompile>
    <ClCompile Include="MsnEventDlg.cpp">
      <Filter>Source Files</Filter>
    </ClCompile>
    <ClCompile Include="MsnNavDlg.cpp">
      <Filter>Source Files</Filter>
    </ClCompile>
    <ClCompile Include="MsnObjDlg.cpp">
      <Filter>Source Files</Filter>
    </ClCompile>
    <ClCompile Include="MsnPkgDlg.cpp">
      <Filter>Source Files</Filter>
    </ClCompile>
    <ClCompile Include="MsnSelectDlg.cpp">
      <Filter>Source Files</Filter>
    </ClCompile>
    <ClCompile Include="MsnWepDlg.cpp">
      <Filter>Source Files</Filter>
    </ClCompile>
    <ClCompile Include="MusicDirector.cpp">
      <Filter>Source Files</Filter>
    </ClCompile>
    <ClCompile Include="MusicTrack.cpp">
      <Filter>Source Files</Filter>
    </ClCompile>
    <ClCompile Include="NavAI.cpp">
      <Filter>Source Files</Filter>
    </ClCompile>
    <ClCompile Include="NavDlg.cpp">
      <Filter>Source Files</Filter>
    </ClCompile>
    <ClCompile Include="NavLight.cpp">
      <Filter>Source Files</Filter>
    </ClCompile>
    <ClCompile Include="NavSystem.cpp">
      <Filter>Source Files</Filter>
    </ClCompile>
    <ClCompile Include="NetAddrDlg.cpp">
      <Filter>Source Files</Filter>
    </ClCompile>
    <ClCompile Include="NetAdminChat.cpp">
      <Filter>Source Files</Filter>
    </ClCompile>
    <ClCompile Include="NetAdminServer.cpp">
      <Filter>Source Files</Filter>
    </ClCompile>
    <ClCompile Include="NetAuth.cpp">
      <Filter>Source Files</Filter>
    </ClCompile>
    <ClCompile Include="NetBrokerClient.cpp">
      <Filter>Source Files</Filter>
    </ClCompile>
    <ClCompile Include="NetChat.cpp">
      <Filter>Source Files</Filter>
    </ClCompile>
    <ClCompile Include="NetClientConfig.cpp">
      <Filter>Source Files</Filter>
    </ClCompile>
    <ClCompile Include="NetClientDlg.cpp">
      <Filter>Source Files</Filter>
    </ClCompile>
    <ClCompile Include="NetData.cpp">
      <Filter>Source Files</Filter>
    </ClCompile>
    <ClCompile Include="NetFileServlet.cpp">
      <Filter>Source Files</Filter>
    </ClCompile>
    <ClCompile Include="NetGame.cpp">
      <Filter>Source Files</Filter>
    </ClCompile>
    <ClCompile Include="NetGameClient.cpp">
      <Filter>Source Files</Filter>
    </ClCompile>
    <ClCompile Include="NetGameServer.cpp">
      <Filter>Source Files</Filter>
    </ClCompile>
    <ClCompile Include="NetLobby.cpp">
      <Filter>Source Files</Filter>
    </ClCompile>
    <ClCompile Include="NetLobbyClient.cpp">
      <Filter>Source Files</Filter>
    </ClCompile>
    <ClCompile Include="NetLobbyDlg.cpp">
      <Filter>Source Files</Filter>
    </ClCompile>
    <ClCompile Include="NetLobbyServer.cpp">
      <Filter>Source Files</Filter>
    </ClCompile>
    <ClCompile Include="NetPacket.cpp">
      <Filter>Source Files</Filter>
    </ClCompile>
    <ClCompile Include="NetPassDlg.cpp">
      <Filter>Source Files</Filter>
    </ClCompile>
    <ClCompile Include="NetPlayer.cpp">
      <Filter>Source Files</Filter>
    </ClCompile>
    <ClCompile Include="NetServerConfig.cpp">
      <Filter>Source Files</Filter>
    </ClCompile>
    <ClCompile Include="NetServerDlg.cpp">
      <Filter>Source Files</Filter>
    </ClCompile>
    <ClCompile Include="NetUnitDlg.cpp">
      <Filter>Source Files</Filter>
    </ClCompile>
    <ClCompile Include="NetUser.cpp">
      <Filter>Source Files</Filter>
    </ClCompile>
    <ClCompile Include="NetUtil.cpp">
      <Filter>Source Files</Filter>
    </ClCompile>
    <ClCompile Include="NPClientWraps.cpp">
      <Filter>Source Files</Filter>
    </ClCompile>
    <ClCompile Include="OptDlg.cpp">
      <Filter>Source Files</Filter>
    </ClCompile>
    <ClCompile Include="..\nGenEx\Particles.cpp">
      <Filter>Source Files</Filter>
    </ClCompile>
    <ClCompile Include="PlanScreen.cpp">
      <Filter>Source Files</Filter>
    </ClCompile>
    <ClCompile Include="Player.cpp">
      <Filter>Source Files</Filter>
    </ClCompile>
    <ClCompile Include="PlayerDlg.cpp">
      <Filter>Source Files</Filter>
    </ClCompile>
    <ClCompile Include="Power.cpp">
      <Filter>Source Files</Filter>
    </ClCompile>
    <ClCompile Include="QuantumDrive.cpp">
      <Filter>Source Files</Filter>
    </ClCompile>
    <ClCompile Include="QuantumFlash.cpp">
      <Filter>Source Files</Filter>
    </ClCompile>
    <ClCompile Include="QuantumView.cpp">
      <Filter>Source Files</Filter>
    </ClCompile>
    <ClCompile Include="QuitView.cpp">
      <Filter>Source Files</Filter>
    </ClCompile>
    <ClCompile Include="RadioHandler.cpp">
      <Filter>Source Files</Filter>
    </ClCompile>
    <ClCompile Include="RadioMessage.cpp">
      <Filter>Source Files</Filter>
    </ClCompile>
    <ClCompile Include="RadioTraffic.cpp">
      <Filter>Source Files</Filter>
    </ClCompile>
    <ClCompile Include="RadioView.cpp">
      <Filter>Source Files</Filter>
    </ClCompile>
    <ClCompile Include="RadioVox.cpp">
      <Filter>Source Files</Filter>
    </ClCompile>
    <ClCompile Include="RLoc.cpp">
      <Filter>Source Files</Filter>
    </ClCompile>
    <ClCompile Include="SeekerAI.cpp">
      <Filter>Source Files</Filter>
    </ClCompile>
    <ClCompile Include="Sensor.cpp">
      <Filter>Source Files</Filter>
    </ClCompile>
    <ClCompile Include="Shield.cpp">
      <Filter>Source Files</Filter>
    </ClCompile>
    <ClCompile Include="ShieldRep.cpp">
      <Filter>Source Files</Filter>
    </ClCompile>
    <ClCompile Include="Ship.cpp">
      <Filter>Source Files</Filter>
    </ClCompile>
    <ClCompile Include="ShipAI.cpp">
      <Filter>Source Files</Filter>
    </ClCompile>
    <ClCompile Include="ShipCtrl.cpp">
      <Filter>Source Files</Filter>
    </ClCompile>
    <ClCompile Include="ShipDesign.cpp">
      <Filter>Source Files</Filter>
    </ClCompile>
    <ClCompile Include="ShipKiller.cpp">
      <Filter>Source Files</Filter>
    </ClCompile>
    <ClCompile Include="ShipSolid.cpp">
      <Filter>Source Files</Filter>
    </ClCompile>
    <ClCompile Include="Shot.cpp">
      <Filter>Source Files</Filter>
    </ClCompile>
    <ClCompile Include="Sim.cpp">
      <Filter>Source Files</Filter>
    </ClCompile>
    <ClCompile Include="SimEvent.cpp">
      <Filter>Source Files</Filter>
    </ClCompile>
    <ClCompile Include="SimObject.cpp">
      <Filter>Source Files</Filter>
    </ClCompile>
    <ClCompile Include="Sky.cpp">
      <Filter>Source Files</Filter>
    </ClCompile>
    <ClCompile Include="StarServer.cpp">
      <Filter>Source Files</Filter>
    </ClCompile>
    <ClCompile Include="Starshatter.cpp">
      <Filter>Source Files</Filter>
    </ClCompile>
    <ClCompile Include="StarshipAI.cpp">
      <Filter>Source Files</Filter>
    </ClCompile>
    <ClCompile Include="StarshipTacticalAI.cpp">
      <Filter>Source Files</Filter>
    </ClCompile>
    <ClCompile Include="StarSystem.cpp">
      <Filter>Source Files</Filter>
    </ClCompile>
    <ClCompile Include="SteerAI.cpp">
      <Filter>Source Files</Filter>
    </ClCompile>
    <ClCompile Include="System.cpp">
      <Filter>Source Files</Filter>
    </ClCompile>
    <ClCompile Include="SystemDesign.cpp">
      <Filter>Source Files</Filter>
    </ClCompile>
    <ClCompile Include="TacRefDlg.cpp">
      <Filter>Source Files</Filter>
    </ClCompile>
    <ClCompile Include="TacticalAI.cpp">
      <Filter>Source Files</Filter>
    </ClCompile>
    <ClCompile Include="TacticalView.cpp">
      <Filter>Source Files</Filter>
    </ClCompile>
    <ClCompile Include="Terrain.cpp">
      <Filter>Source Files</Filter>
    </ClCompile>
    <ClCompile Include="TerrainApron.cpp">
      <Filter>Source Files</Filter>
    </ClCompile>
    <ClCompile Include="TerrainClouds.cpp">
      <Filter>Source Files</Filter>
    </ClCompile>
    <ClCompile Include="TerrainHaze.cpp">
      <Filter>Source Files</Filter>
    </ClCompile>
    <ClCompile Include="TerrainPatch.cpp">
      <Filter>Source Files</Filter>
    </ClCompile>
    <ClCompile Include="TerrainRegion.cpp">
      <Filter>Source Files</Filter>
    </ClCompile>
    <ClCompile Include="Thruster.cpp">
      <Filter>Source Files</Filter>
    </ClCompile>
    <ClCompile Include="TrackIR.cpp">
      <Filter>Source Files</Filter>
    </ClCompile>
    <ClCompile Include="Trail.cpp">
      <Filter>Source Files</Filter>
    </ClCompile>
    <ClCompile Include="VidDlg.cpp">
      <Filter>Source Files</Filter>
    </ClCompile>
    <ClCompile Include="..\nGenEx\Water.cpp">
      <Filter>Source Files</Filter>
    </ClCompile>
    <ClCompile Include="Weapon.cpp">
      <Filter>Source Files</Filter>
    </ClCompile>
    <ClCompile Include="WeaponDesign.cpp">
      <Filter>Source Files</Filter>
    </ClCompile>
    <ClCompile Include="WeaponGroup.cpp">
      <Filter>Source Files</Filter>
    </ClCompile>
    <ClCompile Include="Weather.cpp">
      <Filter>Source Files</Filter>
    </ClCompile>
    <ClCompile Include="WepView.cpp">
      <Filter>Source Files</Filter>
    </ClCompile>
  </ItemGroup>
  <ItemGroup>
    <ResourceCompile Include="Stars.rc">
      <Filter>Source Files</Filter>
    </ResourceCompile>
  </ItemGroup>
  <ItemGroup>
    <ClInclude Include="Asteroid.h">
      <Filter>Header Files</Filter>
    </ClInclude>
    <ClInclude Include="AudDlg.h">
      <Filter>Header Files</Filter>
    </ClInclude>
    <ClInclude Include="AudioConfig.h">
      <Filter>Header Files</Filter>
    </ClInclude>
    <ClInclude Include="Authorization.h">
      <Filter>Header Files</Filter>
    </ClInclude>
    <ClInclude Include="AwardDlg.h">
      <Filter>Header Files</Filter>
    </ClInclude>
    <ClInclude Include="AwardShowDlg.h">
      <Filter>Header Files</Filter>
    </ClInclude>
    <ClInclude Include="BaseScreen.h">
      <Filter>Header Files</Filter>
    </ClInclude>
    <ClInclude Include="Callsign.h">
      <Filter>Header Files</Filter>
    </ClInclude>
    <ClInclude Include="CameraDirector.h">
      <Filter>Header Files</Filter>
    </ClInclude>
    <ClInclude Include="Campaign.h">
      <Filter>Header Files</Filter>
    </ClInclude>
    <ClInclude Include="CampaignMissionFighter.h">
      <Filter>Header Files</Filter>
    </ClInclude>
    <ClInclude Include="CampaignMissionRequest.h">
      <Filter>Header Files</Filter>
    </ClInclude>
    <ClInclude Include="CampaignMissionStarship.h">
      <Filter>Header Files</Filter>
    </ClInclude>
    <ClInclude Include="CampaignPlan.h">
      <Filter>Header Files</Filter>
    </ClInclude>
    <ClInclude Include="CampaignPlanAssignment.h">
      <Filter>Header Files</Filter>
    </ClInclude>
    <ClInclude Include="CampaignPlanEvent.h">
      <Filter>Header Files</Filter>
    </ClInclude>
    <ClInclude Include="CampaignPlanMission.h">
      <Filter>Header Files</Filter>
    </ClInclude>
    <ClInclude Include="CampaignPlanMovement.h">
      <Filter>Header Files</Filter>
    </ClInclude>
    <ClInclude Include="CampaignPlanStrategic.h">
      <Filter>Header Files</Filter>
    </ClInclude>
    <ClInclude Include="CampaignSituationReport.h">
      <Filter>Header Files</Filter>
    </ClInclude>
    <ClInclude Include="CmdDlg.h">
      <Filter>Header Files</Filter>
    </ClInclude>
    <ClInclude Include="CmdForceDlg.h">
      <Filter>Header Files</Filter>
    </ClInclude>
    <ClInclude Include="CmdIntelDlg.h">
      <Filter>Header Files</Filter>
    </ClInclude>
    <ClInclude Include="CmdMissionsDlg.h">
      <Filter>Header Files</Filter>
    </ClInclude>
    <ClInclude Include="CmdMsgDlg.h">
      <Filter>Header Files</Filter>
    </ClInclude>
    <ClInclude Include="CmdOrdersDlg.h">
      <Filter>Header Files</Filter>
    </ClInclude>
    <ClInclude Include="CmdTheaterDlg.h">
      <Filter>Header Files</Filter>
    </ClInclude>
    <ClInclude Include="CmdTitleDlg.h">
      <Filter>Header Files</Filter>
    </ClInclude>
    <ClInclude Include="CmpCompleteDlg.h">
      <Filter>Header Files</Filter>
    </ClInclude>
    <ClInclude Include="CmpFileDlg.h">
      <Filter>Header Files</Filter>
    </ClInclude>
    <ClInclude Include="CmpLoadDlg.h">
      <Filter>Header Files</Filter>
    </ClInclude>
    <ClInclude Include="CmpnScreen.h">
      <Filter>Header Files</Filter>
    </ClInclude>
    <ClInclude Include="CmpSceneDlg.h">
      <Filter>Header Files</Filter>
    </ClInclude>
    <ClInclude Include="CmpSelectDlg.h">
      <Filter>Header Files</Filter>
    </ClInclude>
    <ClInclude Include="CombatAction.h">
      <Filter>Header Files</Filter>
    </ClInclude>
    <ClInclude Include="CombatEvent.h">
      <Filter>Header Files</Filter>
    </ClInclude>
    <ClInclude Include="CombatGroup.h">
      <Filter>Header Files</Filter>
    </ClInclude>
    <ClInclude Include="CombatRoster.h">
      <Filter>Header Files</Filter>
    </ClInclude>
    <ClInclude Include="CombatUnit.h">
      <Filter>Header Files</Filter>
    </ClInclude>
    <ClInclude Include="CombatZone.h">
      <Filter>Header Files</Filter>
    </ClInclude>
    <ClInclude Include="Component.h">
      <Filter>Header Files</Filter>
    </ClInclude>
    <ClInclude Include="ConfirmDlg.h">
      <Filter>Header Files</Filter>
    </ClInclude>
    <ClInclude Include="CtlDlg.h">
      <Filter>Header Files</Filter>
    </ClInclude>
    <ClInclude Include="..\nGenEx\DataLoader.h">
      <Filter>Header Files</Filter>
    </ClInclude>
    <ClInclude Include="DebriefDlg.h">
      <Filter>Header Files</Filter>
    </ClInclude>
    <ClInclude Include="Debris.h">
      <Filter>Header Files</Filter>
    </ClInclude>
    <ClInclude Include="DetailSet.h">
      <Filter>Header Files</Filter>
    </ClInclude>
    <ClInclude Include="DisplayView.h">
      <Filter>Header Files</Filter>
    </ClInclude>
    <ClInclude Include="DriveSprite.h">
      <Filter>Header Files</Filter>
    </ClInclude>
    <ClInclude Include="Drone.h">
      <Filter>Header Files</Filter>
    </ClInclude>
    <ClInclude Include="DropShipAI.h">
      <Filter>Header Files</Filter>
    </ClInclude>
    <ClInclude Include="Element.h">
      <Filter>Header Files</Filter>
    </ClInclude>
    <ClInclude Include="EngDlg.h">
      <Filter>Header Files</Filter>
    </ClInclude>
    <ClInclude Include="ExitDlg.h">
      <Filter>Header Files</Filter>
    </ClInclude>
    <ClInclude Include="Explosion.h">
      <Filter>Header Files</Filter>
    </ClInclude>
    <ClInclude Include="FighterAI.h">
      <Filter>Header Files</Filter>
    </ClInclude>
    <ClInclude Include="FighterTacticalAI.h">
      <Filter>Header Files</Filter>
    </ClInclude>
    <ClInclude Include="FlightPlanner.h">
      <Filter>Header Files</Filter>
    </ClInclude>
    <ClInclude Include="FltDlg.h">
      <Filter>Header Files</Filter>
    </ClInclude>
    <ClInclude Include="Galaxy.h">
      <Filter>Header Files</Filter>
    </ClInclude>
    <ClInclude Include="GameScreen.h">
      <Filter>Header Files</Filter>
    </ClInclude>
    <ClInclude Include="Grid.h">
      <Filter>Header Files</Filter>
    </ClInclude>
    <ClInclude Include="GroundAI.h">
      <Filter>Header Files</Filter>
    </ClInclude>
    <ClInclude Include="Hoop.h">
      <Filter>Header Files</Filter>
    </ClInclude>
    <ClInclude Include="HUDSounds.h">
      <Filter>Header Files</Filter>
    </ClInclude>
    <ClInclude Include="HUDView.h">
      <Filter>Header Files</Filter>
    </ClInclude>
    <ClInclude Include="Instruction.h">
      <Filter>Header Files</Filter>
    </ClInclude>
    <ClInclude Include="Intel.h">
      <Filter>Header Files</Filter>
    </ClInclude>
    <ClInclude Include="JoyDlg.h">
      <Filter>Header Files</Filter>
    </ClInclude>
    <ClInclude Include="KeyDlg.h">
      <Filter>Header Files</Filter>
    </ClInclude>
    <ClInclude Include="KeyMap.h">
      <Filter>Header Files</Filter>
    </ClInclude>
    <ClInclude Include="LoadDlg.h">
      <Filter>Header Files</Filter>
    </ClInclude>
    <ClInclude Include="LoadScreen.h">
      <Filter>Header Files</Filter>
    </ClInclude>
    <ClInclude Include="MapView.h">
      <Filter>Header Files</Filter>
    </ClInclude>
    <ClInclude Include="MenuDlg.h">
      <Filter>Header Files</Filter>
    </ClInclude>
    <ClInclude Include="MenuScreen.h">
      <Filter>Header Files</Filter>
    </ClInclude>
    <ClInclude Include="MenuView.h">
      <Filter>Header Files</Filter>
    </ClInclude>
    <ClInclude Include="Mfd.h">
      <Filter>Header Files</Filter>
    </ClInclude>
    <ClInclude Include="Mission.h">
      <Filter>Header Files</Filter>
    </ClInclude>
    <ClInclude Include="MissionEvent.h">
      <Filter>Header Files</Filter>
    </ClInclude>
    <ClInclude Include="MissionTemplate.h">
      <Filter>Header Files</Filter>
    </ClInclude>
    <ClInclude Include="ModConfig.h">
      <Filter>Header Files</Filter>
    </ClInclude>
    <ClInclude Include="ModDlg.h">
      <Filter>Header Files</Filter>
    </ClInclude>
    <ClInclude Include="ModInfo.h">
      <Filter>Header Files</Filter>
    </ClInclude>
    <ClInclude Include="ModInfoDlg.h">
      <Filter>Header Files</Filter>
    </ClInclude>
    <ClInclude Include="MsnDlg.h">
      <Filter>Header Files</Filter>
    </ClInclude>
    <ClInclude Include="MsnEditDlg.h">
      <Filter>Header Files</Filter>
    </ClInclude>
    <ClInclude Include="MsnElemDlg.h">
      <Filter>Header Files</Filter>
    </ClInclude>
    <ClInclude Include="MsnEventDlg.h">
      <Filter>Header Files</Filter>
    </ClInclude>
    <ClInclude Include="MsnNavDlg.h">
      <Filter>Header Files</Filter>
    </ClInclude>
    <ClInclude Include="MsnObjDlg.h">
      <Filter>Header Files</Filter>
    </ClInclude>
    <ClInclude Include="MsnPkgDlg.h">
      <Filter>Header Files</Filter>
    </ClInclude>
    <ClInclude Include="MsnSelectDlg.h">
      <Filter>Header Files</Filter>
    </ClInclude>
    <ClInclude Include="MsnWepDlg.h">
      <Filter>Header Files</Filter>
    </ClInclude>
    <ClInclude Include="MusicDirector.h">
      <Filter>Header Files</Filter>
    </ClInclude>
    <ClInclude Include="MusicTrack.h">
      <Filter>Header Files</Filter>
    </ClInclude>
    <ClInclude Include="NavAI.h">
      <Filter>Header Files</Filter>
    </ClInclude>
    <ClInclude Include="NavDlg.h">
      <Filter>Header Files</Filter>
    </ClInclude>
    <ClInclude Include="NavLight.h">
      <Filter>Header Files</Filter>
    </ClInclude>
    <ClInclude Include="NetAddrDlg.h">
      <Filter>Header Files</Filter>
    </ClInclude>
    <ClInclude Include="NetAdminChat.h">
      <Filter>Header Files</Filter>
    </ClInclude>
    <ClInclude Include="NetAdminServer.h">
      <Filter>Header Files</Filter>
    </ClInclude>
    <ClInclude Include="NetAuth.h">
      <Filter>Header Files</Filter>
    </ClInclude>
    <ClInclude Include="NetBrokerClient.h">
      <Filter>Header Files</Filter>
    </ClInclude>
    <ClInclude Include="NetChat.h">
      <Filter>Header Files</Filter>
    </ClInclude>
    <ClInclude Include="NetClientConfig.h">
      <Filter>Header Files</Filter>
    </ClInclude>
    <ClInclude Include="NetClientDlg.h">
      <Filter>Header Files</Filter>
    </ClInclude>
    <ClInclude Include="NetData.h">
      <Filter>Header Files</Filter>
    </ClInclude>
    <ClInclude Include="NetFileServlet.h">
      <Filter>Header Files</Filter>
    </ClInclude>
    <ClInclude Include="NetGame.h">
      <Filter>Header Files</Filter>
    </ClInclude>
    <ClInclude Include="NetGameClient.h">
      <Filter>Header Files</Filter>
    </ClInclude>
    <ClInclude Include="NetGameServer.h">
      <Filter>Header Files</Filter>
    </ClInclude>
    <ClInclude Include="NetLobby.h">
      <Filter>Header Files</Filter>
    </ClInclude>
    <ClInclude Include="NetLobbyClient.h">
      <Filter>Header Files</Filter>
    </ClInclude>
    <ClInclude Include="NetLobbyDlg.h">
      <Filter>Header Files</Filter>
    </ClInclude>
    <ClInclude Include="NetLobbyServer.h">
      <Filter>Header Files</Filter>
    </ClInclude>
    <ClInclude Include="NetPacket.h">
      <Filter>Header Files</Filter>
    </ClInclude>
    <ClInclude Include="NetPassDlg.h">
      <Filter>Header Files</Filter>
    </ClInclude>
    <ClInclude Include="NetPlayer.h">
      <Filter>Header Files</Filter>
    </ClInclude>
    <ClInclude Include="NetServerConfig.h">
      <Filter>Header Files</Filter>
    </ClInclude>
    <ClInclude Include="NetServerDlg.h">
      <Filter>Header Files</Filter>
    </ClInclude>
    <ClInclude Include="NetUnitDlg.h">
      <Filter>Header Files</Filter>
    </ClInclude>
    <ClInclude Include="NetUtil.h">
      <Filter>Header Files</Filter>
    </ClInclude>
    <ClInclude Include="NPClientWraps.h">
      <Filter>Header Files</Filter>
    </ClInclude>
    <ClInclude Include="OptDlg.h">
      <Filter>Header Files</Filter>
    </ClInclude>
    <ClInclude Include="PlanScreen.h">
      <Filter>Header Files</Filter>
    </ClInclude>
    <ClInclude Include="Player.h">
      <Filter>Header Files</Filter>
    </ClInclude>
    <ClInclude Include="PlayerDlg.h">
      <Filter>Header Files</Filter>
    </ClInclude>
    <ClInclude Include="Power.h">
      <Filter>Header Files</Filter>
    </ClInclude>
    <ClInclude Include="QuantumFlash.h">
      <Filter>Header Files</Filter>
    </ClInclude>
    <ClInclude Include="QuantumView.h">
      <Filter>Header Files</Filter>
    </ClInclude>
    <ClInclude Include="RadioHandler.h">
      <Filter>Header Files</Filter>
    </ClInclude>
    <ClInclude Include="RadioMessage.h">
      <Filter>Header Files</Filter>
    </ClInclude>
    <ClInclude Include="RadioView.h">
      <Filter>Header Files</Filter>
    </ClInclude>
    <ClInclude Include="RadioVox.h">
      <Filter>Header Files</Filter>
    </ClInclude>
    <ClInclude Include="RLoc.h">
      <Filter>Header Files</Filter>
    </ClInclude>
    <ClInclude Include="SeekerAI.h">
      <Filter>Header Files</Filter>
    </ClInclude>
    <ClInclude Include="ShieldRep.h">
      <Filter>Header Files</Filter>
    </ClInclude>
    <ClInclude Include="ShipCtrl.h">
      <Filter>Header Files</Filter>
    </ClInclude>
    <ClInclude Include="ShipKiller.h">
      <Filter>Header Files</Filter>
    </ClInclude>
    <ClInclude Include="StarServer.h">
      <Filter>Header Files</Filter>
    </ClInclude>
    <ClInclude Include="Starshatter.h">
      <Filter>Header Files</Filter>
    </ClInclude>
    <ClInclude Include="StarshipAI.h">
      <Filter>Header Files</Filter>
    </ClInclude>
    <ClInclude Include="StarshipTacticalAI.h">
      <Filter>Header Files</Filter>
    </ClInclude>
    <ClInclude Include="StarSystem.h">
      <Filter>Header Files</Filter>
    </ClInclude>
    <ClInclude Include="SteerAI.h">
      <Filter>Header Files</Filter>
    </ClInclude>
    <ClInclude Include="SystemDesign.h">
      <Filter>Header Files</Filter>
    </ClInclude>
    <ClInclude Include="TacRefDlg.h">
      <Filter>Header Files</Filter>
    </ClInclude>
    <ClInclude Include="TacticalAI.h">
      <Filter>Header Files</Filter>
    </ClInclude>
    <ClInclude Include="Terrain.h">
      <Filter>Header Files</Filter>
    </ClInclude>
    <ClInclude Include="TerrainApron.h">
      <Filter>Header Files</Filter>
    </ClInclude>
    <ClInclude Include="TerrainClouds.h">
      <Filter>Header Files</Filter>
    </ClInclude>
    <ClInclude Include="TerrainHaze.h">
      <Filter>Header Files</Filter>
    </ClInclude>
    <ClInclude Include="TerrainLayer.h">
      <Filter>Header Files</Filter>
    </ClInclude>
    <ClInclude Include="TerrainPatch.h">
      <Filter>Header Files</Filter>
    </ClInclude>
    <ClInclude Include="Thruster.h">
      <Filter>Header Files</Filter>
    </ClInclude>
    <ClInclude Include="TrackIR.h">
      <Filter>Header Files</Filter>
    </ClInclude>
    <ClInclude Include="Trail.h">
      <Filter>Header Files</Filter>
    </ClInclude>
    <ClInclude Include="VidDlg.h">
      <Filter>Header Files</Filter>
    </ClInclude>
    <ClInclude Include="WeaponDesign.h">
      <Filter>Header Files</Filter>
    </ClInclude>
    <ClInclude Include="Weather.h">
      <Filter>Header Files</Filter>
    </ClInclude>
    <ClInclude Include="WepView.h">
      <Filter>Header Files</Filter>
    </ClInclude>
  </ItemGroup>
  <ItemGroup>
    <CustomBuild Include="Stars.ico">
      <Filter>Resource Files</Filter>
    </CustomBuild>
  </ItemGroup>
</Project>