<?xml version="1.0" encoding="utf-8"?>
<Project ToolsVersion="4.0" xmlns="http://schemas.microsoft.com/developer/msbuild/2003">
  <ItemGroup>
    <Filter Include="Source Files">
      <UniqueIdentifier>{f368c362-33c9-4cf0-897f-25cd35c75ddb}</UniqueIdentifier>
      <Extensions>cpp;c;cxx;rc;def;r;odl;idl;hpj;bat</Extensions>
    </Filter>
    <Filter Include="Header Files">
      <UniqueIdentifier>{fe3ab52e-099a-4f2f-a496-d7d42f337ab5}</UniqueIdentifier>
      <Extensions>h;hpp;hxx;hm;inl</Extensions>
    </Filter>
  </ItemGroup>
  <ItemGroup>
    <ClCompile Include="HttpClient.cpp">
      <Filter>Source Files</Filter>
    </ClCompile>
    <ClCompile Include="HttpServer.cpp">
      <Filter>Source Files</Filter>
    </ClCompile>
    <ClCompile Include="HttpServlet.cpp">
      <Filter>Source Files</Filter>
    </ClCompile>
    <ClCompile Include="HttpServletExec.cpp">
      <Filter>Source Files</Filter>
    </ClCompile>
    <ClCompile Include="NetAddr.cpp">
      <Filter>Source Files</Filter>
    </ClCompile>
    <ClCompile Include="NetClient.cpp">
      <Filter>Source Files</Filter>
    </ClCompile>
    <ClCompile Include="NetGram.cpp">
      <Filter>Source Files</Filter>
    </ClCompile>
    <ClCompile Include="NetHost.cpp">
      <Filter>Source Files</Filter>
    </ClCompile>
    <ClCompile Include="NetLayer.cpp">
      <Filter>Source Files</Filter>
    </ClCompile>
    <ClCompile Include="NetLink.cpp">
      <Filter>Source Files</Filter>
    </ClCompile>
    <ClCompile Include="NetMsg.cpp">
      <Filter>Source Files</Filter>
    </ClCompile>
    <ClCompile Include="NetPeer.cpp">
      <Filter>Source Files</Filter>
    </ClCompile>
    <ClCompile Include="NetServer.cpp">
      <Filter>Source Files</Filter>
    </ClCompile>
    <ClCompile Include="NetSock.cpp">
      <Filter>Source Files</Filter>
    </ClCompile>
  </ItemGroup>
  <ItemGroup>
    <ClInclude Include="HttpClient.h">
      <Filter>Header Files</Filter>
    </ClInclude>
    <ClInclude Include="HttpServer.h">
      <Filter>Header Files</Filter>
    </ClInclude>
    <ClInclude Include="HttpServlet.h">
      <Filter>Header Files</Filter>
    </ClInclude>
    <ClInclude Include="HttpServletExec.h">
      <Filter>Header Files</Filter>
    </ClInclude>
    <ClInclude Include="NetAddr.h">
      <Filter>Header Files</Filter>
    </ClInclude>
    <ClInclude Include="NetClient.h">
      <Filter>Header Files</Filter>
    </ClInclude>
    <ClInclude Include="NetGram.h">
      <Filter>Header Files</Filter>
    </ClInclude>
    <ClInclude Include="NetHost.h">
      <Filter>Header Files</Filter>
    </ClInclude>
    <ClInclude Include="NetLayer.h">
      <Filter>Header Files</Filter>
    </ClInclude>
    <ClInclude Include="NetLink.h">
      <Filter>Header Files</Filter>
    </ClInclude>
    <ClInclude Include="NetMsg.h">
      <Filter>Header Files</Filter>
    </ClInclude>
    <ClInclude Include="NetPeer.h">
      <Filter>Header Files</Filter>
    </ClInclude>
    <ClInclude Include="NetServer.h">
      <Filter>Header Files</Filter>
    </ClInclude>
    <ClInclude Include="NetSock.h">
      <Filter>Header Files</Filter>
    </ClInclude>
  </ItemGroup>
</Project>