
Microsoft Visual Studio Solution File, Format Version 12.00
# Visual Studio 2012
Project("{8BC9CEB8-8B4A-11D0-8D11-00A0C91BC942}") = "Magic", "..\Magic2\Magic.vcxproj", "{E58F13BF-6D5C-D139-8404-2E94F34E11D0}"
	ProjectSection(ProjectDependencies) = postProject
		{0F2DDC75-EE37-902B-0247-63A8EB8CD687} = {0F2DDC75-EE37-902B-0247-63A8EB8CD687}
		{552BEAB0-D371-E491-5C0E-ADA78BA2FDD7} = {552BEAB0-D371-E491-5C0E-ADA78BA2FDD7}
		{574D6A73-F38F-30E0-0F30-64AD0378B426} = {574D6A73-F38F-30E0-0F30-64AD0378B426}
		{86C01EAC-2406-40A7-B744-AA858B7607A9} = {86C01EAC-2406-40A7-B744-AA858B7607A9}
		{CADEA3B5-84A7-C4F6-9F8E-093FD371A4A1} = {CADEA3B5-84A7-C4F6-9F8E-093FD371A4A1}
	EndProjectSection
EndProject
Project("{8BC9CEB8-8B4A-11D0-8D11-00A0C91BC942}") = "NetEx", "..\NetEx\NetEx.vcxproj", "{574D6A73-F38F-30E0-0F30-64AD0378B426}"
EndProject
Project("{8BC9CEB8-8B4A-11D0-8D11-00A0C91BC942}") = "nGenEx", "..\nGenEx\nGenEx.vcxproj", "{CADEA3B5-84A7-C4F6-9F8E-093FD371A4A1}"
EndProject
Project("{8BC9CEB8-8B4A-11D0-8D11-00A0C91BC942}") = "Opcode", "..\Opcode\Opcode.vcxproj", "{552BEAB0-D371-E491-5C0E-ADA78BA2FDD7}"
EndProject
Project("{8BC9CEB8-8B4A-11D0-8D11-00A0C91BC942}") = "Stars", "..\Stars45\Stars.vcxproj", "{D794137F-03CC-7930-2629-534566E26E2E}"
	ProjectSection(ProjectDependencies) = postProject
		{0F2DDC75-EE37-902B-0247-63A8EB8CD687} = {0F2DDC75-EE37-902B-0247-63A8EB8CD687}
		{552BEAB0-D371-E491-5C0E-ADA78BA2FDD7} = {552BEAB0-D371-E491-5C0E-ADA78BA2FDD7}
		{574D6A73-F38F-30E0-0F30-64AD0378B426} = {574D6A73-F38F-30E0-0F30-64AD0378B426}
		{86C01EAC-2406-40A7-B744-AA858B7607A9} = {86C01EAC-2406-40A7-B744-AA858B7607A9}
		{CADEA3B5-84A7-C4F6-9F8E-093FD371A4A1} = {CADEA3B5-84A7-C4F6-9F8E-093FD371A4A1}
	EndProjectSection
EndProject
Project("{8BC9CEB8-8B4A-11D0-8D11-00A0C91BC942}") = "Zlib", "..\zlib\Zlib.vcxproj", "{0F2DDC75-EE37-902B-0247-63A8EB8CD687}"
EndProject
Project("{8BC9CEB8-8B4A-11D0-8D11-00A0C91BC942}") = "libpng", "..\libpng\libpng.vcxproj", "{86C01EAC-2406-40A7-B744-AA858B7607A9}"
	ProjectSection(ProjectDependencies) = postProject
		{0F2DDC75-EE37-902B-0247-63A8EB8CD687} = {0F2DDC75-EE37-902B-0247-63A8EB8CD687}
	EndProjectSection
EndProject
Project("{8BC9CEB8-8B4A-11D0-8D11-00A0C91BC942}") = "Datafile", "..\Datafile\Datafile.vcxproj", "{ADBA4106-AFE3-43D2-88D9-308A7D75E372}"
EndProject
Global
	GlobalSection(SolutionConfigurationPlatforms) = preSolution
		Debug VS2012|Win32 = Debug VS2012|Win32
		Debug|Win32 = Debug|Win32
		Release VS2012|Win32 = Release VS2012|Win32
		Release|Win32 = Release|Win32
	EndGlobalSection
	GlobalSection(ProjectConfigurationPlatforms) = postSolution
		{0F2DDC75-EE37-902B-0247-63A8EB8CD687}.Debug VS2012|Win32.ActiveCfg = Debug VS2012|Win32
		{0F2DDC75-EE37-902B-0247-63A8EB8CD687}.Debug VS2012|Win32.Build.0 = Debug VS2012|Win32
		{0F2DDC75-EE37-902B-0247-63A8EB8CD687}.Debug|Win32.ActiveCfg = Debug|Win32
		{0F2DDC75-EE37-902B-0247-63A8EB8CD687}.Debug|Win32.Build.0 = Debug|Win32
		{0F2DDC75-EE37-902B-0247-63A8EB8CD687}.Release VS2012|Win32.ActiveCfg = Release VS2012|Win32
		{0F2DDC75-EE37-902B-0247-63A8EB8CD687}.Release VS2012|Win32.Build.0 = Release VS2012|Win32
		{0F2DDC75-EE37-902B-0247-63A8EB8CD687}.Release|Win32.ActiveCfg = Release|Win32
		{0F2DDC75-EE37-902B-0247-63A8EB8CD687}.Release|Win32.Build.0 = Release|Win32
		{552BEAB0-D371-E491-5C0E-ADA78BA2FDD7}.Debug VS2012|Win32.ActiveCfg = Debug VS2012|Win32
		{552BEAB0-D371-E491-5C0E-ADA78BA2FDD7}.Debug VS2012|Win32.Build.0 = Debug VS2012|Win32
		{552BEAB0-D371-E491-5C0E-ADA78BA2FDD7}.Debug|Win32.ActiveCfg = Debug|Win32
		{552BEAB0-D371-E491-5C0E-ADA78BA2FDD7}.Debug|Win32.Build.0 = Debug|Win32
		{552BEAB0-D371-E491-5C0E-ADA78BA2FDD7}.Release VS2012|Win32.ActiveCfg = Release VS2012|Win32
		{552BEAB0-D371-E491-5C0E-ADA78BA2FDD7}.Release VS2012|Win32.Build.0 = Release VS2012|Win32
		{552BEAB0-D371-E491-5C0E-ADA78BA2FDD7}.Release|Win32.ActiveCfg = Release|Win32
		{552BEAB0-D371-E491-5C0E-ADA78BA2FDD7}.Release|Win32.Build.0 = Release|Win32
		{574D6A73-F38F-30E0-0F30-64AD0378B426}.Debug VS2012|Win32.ActiveCfg = Debug VS2012|Win32
		{574D6A73-F38F-30E0-0F30-64AD0378B426}.Debug VS2012|Win32.Build.0 = Debug VS2012|Win32
		{574D6A73-F38F-30E0-0F30-64AD0378B426}.Debug|Win32.ActiveCfg = Debug|Win32
		{574D6A73-F38F-30E0-0F30-64AD0378B426}.Debug|Win32.Build.0 = Debug|Win32
		{574D6A73-F38F-30E0-0F30-64AD0378B426}.Release VS2012|Win32.ActiveCfg = Release VS2012|Win32
		{574D6A73-F38F-30E0-0F30-64AD0378B426}.Release VS2012|Win32.Build.0 = Release VS2012|Win32
		{574D6A73-F38F-30E0-0F30-64AD0378B426}.Release|Win32.ActiveCfg = Release|Win32
		{574D6A73-F38F-30E0-0F30-64AD0378B426}.Release|Win32.Build.0 = Release|Win32
		{86C01EAC-2406-40A7-B744-AA858B7607A9}.Debug VS2012|Win32.ActiveCfg = Debug VS2012|Win32
		{86C01EAC-2406-40A7-B744-AA858B7607A9}.Debug VS2012|Win32.Build.0 = Debug VS2012|Win32
		{86C01EAC-2406-40A7-B744-AA858B7607A9}.Debug|Win32.ActiveCfg = Debug|Win32
		{86C01EAC-2406-40A7-B744-AA858B7607A9}.Debug|Win32.Build.0 = Debug|Win32
		{86C01EAC-2406-40A7-B744-AA858B7607A9}.Release VS2012|Win32.ActiveCfg = Release VS2012|Win32
		{86C01EAC-2406-40A7-B744-AA858B7607A9}.Release VS2012|Win32.Build.0 = Release VS2012|Win32
		{86C01EAC-2406-40A7-B744-AA858B7607A9}.Release|Win32.ActiveCfg = Release|Win32
		{86C01EAC-2406-40A7-B744-AA858B7607A9}.Release|Win32.Build.0 = Release|Win32
		{ADBA4106-AFE3-43D2-88D9-308A7D75E372}.Debug VS2012|Win32.ActiveCfg = Debug VS2012|Win32
		{ADBA4106-AFE3-43D2-88D9-308A7D75E372}.Debug VS2012|Win32.Build.0 = Debug VS2012|Win32
		{ADBA4106-AFE3-43D2-88D9-308A7D75E372}.Debug|Win32.ActiveCfg = Debug|Win32
		{ADBA4106-AFE3-43D2-88D9-308A7D75E372}.Debug|Win32.Build.0 = Debug|Win32
		{ADBA4106-AFE3-43D2-88D9-308A7D75E372}.Release VS2012|Win32.ActiveCfg = Release VS2012|Win32
		{ADBA4106-AFE3-43D2-88D9-308A7D75E372}.Release VS2012|Win32.Build.0 = Release VS2012|Win32
		{ADBA4106-AFE3-43D2-88D9-308A7D75E372}.Release|Win32.ActiveCfg = Release|Win32
		{ADBA4106-AFE3-43D2-88D9-308A7D75E372}.Release|Win32.Build.0 = Release|Win32
		{CADEA3B5-84A7-C4F6-9F8E-093FD371A4A1}.Debug VS2012|Win32.ActiveCfg = Debug VS2012|Win32
		{CADEA3B5-84A7-C4F6-9F8E-093FD371A4A1}.Debug VS2012|Win32.Build.0 = Debug VS2012|Win32
		{CADEA3B5-84A7-C4F6-9F8E-093FD371A4A1}.Debug|Win32.ActiveCfg = Debug|Win32
		{CADEA3B5-84A7-C4F6-9F8E-093FD371A4A1}.Debug|Win32.Build.0 = Debug|Win32
		{CADEA3B5-84A7-C4F6-9F8E-093FD371A4A1}.Release VS2012|Win32.ActiveCfg = Release VS2012|Win32
		{CADEA3B5-84A7-C4F6-9F8E-093FD371A4A1}.Release VS2012|Win32.Build.0 = Release VS2012|Win32
		{CADEA3B5-84A7-C4F6-9F8E-093FD371A4A1}.Release|Win32.ActiveCfg = Release|Win32
		{CADEA3B5-84A7-C4F6-9F8E-093FD371A4A1}.Release|Win32.Build.0 = Release|Win32
		{D794137F-03CC-7930-2629-534566E26E2E}.Debug VS2012|Win32.ActiveCfg = Debug VS2012|Win32
		{D794137F-03CC-7930-2629-534566E26E2E}.Debug VS2012|Win32.Build.0 = Debug VS2012|Win32
		{D794137F-03CC-7930-2629-534566E26E2E}.Debug|Win32.ActiveCfg = Debug|Win32
		{D794137F-03CC-7930-2629-534566E26E2E}.Debug|Win32.Build.0 = Debug|Win32
		{D794137F-03CC-7930-2629-534566E26E2E}.Release VS2012|Win32.ActiveCfg = Release VS2012|Win32
		{D794137F-03CC-7930-2629-534566E26E2E}.Release VS2012|Win32.Build.0 = Release VS2012|Win32
		{D794137F-03CC-7930-2629-534566E26E2E}.Release|Win32.ActiveCfg = Release|Win32
		{D794137F-03CC-7930-2629-534566E26E2E}.Release|Win32.Build.0 = Release|Win32
		{E58F13BF-6D5C-D139-8404-2E94F34E11D0}.Debug VS2012|Win32.ActiveCfg = Debug VS2012|Win32
		{E58F13BF-6D5C-D139-8404-2E94F34E11D0}.Debug VS2012|Win32.Build.0 = Debug VS2012|Win32
		{E58F13BF-6D5C-D139-8404-2E94F34E11D0}.Debug|Win32.ActiveCfg = Debug|Win32
		{E58F13BF-6D5C-D139-8404-2E94F34E11D0}.Debug|Win32.Build.0 = Debug|Win32
		{E58F13BF-6D5C-D139-8404-2E94F34E11D0}.Release VS2012|Win32.ActiveCfg = Release VS2012|Win32
		{E58F13BF-6D5C-D139-8404-2E94F34E11D0}.Release VS2012|Win32.Build.0 = Release VS2012|Win32
		{E58F13BF-6D5C-D139-8404-2E94F34E11D0}.Release|Win32.ActiveCfg = Release|Win32
		{E58F13BF-6D5C-D139-8404-2E94F34E11D0}.Release|Win32.Build.0 = Release|Win32
	EndGlobalSection
	GlobalSection(SolutionProperties) = preSolution
		HideSolutionNode = FALSE
	EndGlobalSection
EndGlobal
