
Microsoft Visual Studio Solution File, Format Version 11.00
# Visual Studio 2010
Project("{8BC9CEB8-8B4A-11D0-8D11-00A0C91BC942}") = "Magic", "..\Magic2\Magic.vcxproj", "{97D8BF03-E17C-1464-C00F-4C2E9330A2BA}"
	ProjectSection(ProjectDependencies) = postProject
		{6622FF0A-96E6-A43D-71E9-1B17FA1CCD93} = {6622FF0A-96E6-A43D-71E9-1B17FA1CCD93}
		{235F1283-ADF3-2610-6172-F63C1B91614C} = {235F1283-ADF3-2610-6172-F63C1B91614C}
		{D05CBFA1-0F55-B7EF-0FCA-6E5284AF0BA6} = {D05CBFA1-0F55-B7EF-0FCA-6E5284AF0BA6}
		{86C01EAC-2406-40A7-B744-AA858B7607A9} = {86C01EAC-2406-40A7-B744-AA858B7607A9}
		{75459DCB-61B5-811E-9994-D3A41FF13467} = {75459DCB-61B5-811E-9994-D3A41FF13467}
	EndProjectSection
EndProject
Project("{8BC9CEB8-8B4A-11D0-8D11-00A0C91BC942}") = "NetEx", "..\NetEx\NetEx.vcxproj", "{D05CBFA1-0F55-B7EF-0FCA-6E5284AF0BA6}"
EndProject
Project("{8BC9CEB8-8B4A-11D0-8D11-00A0C91BC942}") = "nGenEx", "..\nGenEx\nGenEx.vcxproj", "{235F1283-ADF3-2610-6172-F63C1B91614C}"
EndProject
Project("{8BC9CEB8-8B4A-11D0-8D11-00A0C91BC942}") = "Opcode", "..\Opcode\Opcode.vcxproj", "{6622FF0A-96E6-A43D-71E9-1B17FA1CCD93}"
EndProject
Project("{8BC9CEB8-8B4A-11D0-8D11-00A0C91BC942}") = "Stars", "..\Stars45\Stars.vcxproj", "{3CCA1A34-FCCF-D7DB-E6D8-A46D622C401B}"
	ProjectSection(ProjectDependencies) = postProject
		{6622FF0A-96E6-A43D-71E9-1B17FA1CCD93} = {6622FF0A-96E6-A43D-71E9-1B17FA1CCD93}
		{235F1283-ADF3-2610-6172-F63C1B91614C} = {235F1283-ADF3-2610-6172-F63C1B91614C}
		{D05CBFA1-0F55-B7EF-0FCA-6E5284AF0BA6} = {D05CBFA1-0F55-B7EF-0FCA-6E5284AF0BA6}
		{86C01EAC-2406-40A7-B744-AA858B7607A9} = {86C01EAC-2406-40A7-B744-AA858B7607A9}
		{75459DCB-61B5-811E-9994-D3A41FF13467} = {75459DCB-61B5-811E-9994-D3A41FF13467}
	EndProjectSection
EndProject
Project("{8BC9CEB8-8B4A-11D0-8D11-00A0C91BC942}") = "Zlib", "..\zlib\Zlib.vcxproj", "{75459DCB-61B5-811E-9994-D3A41FF13467}"
EndProject
Project("{8BC9CEB8-8B4A-11D0-8D11-00A0C91BC942}") = "libpng", "..\libpng\libpng.vcxproj", "{86C01EAC-2406-40A7-B744-AA858B7607A9}"
EndProject
Global
	GlobalSection(SolutionConfigurationPlatforms) = preSolution
		Debug Inferno SSE|Win32 = Debug Inferno SSE|Win32
		Debug Inferno SSE2|Win32 = Debug Inferno SSE2|Win32
		Debug Inferno|Win32 = Debug Inferno|Win32
		Debug SSE|Win32 = Debug SSE|Win32
		Debug SSE2|Win32 = Debug SSE2|Win32
		Debug|Win32 = Debug|Win32
		Release Inferno SSE|Win32 = Release Inferno SSE|Win32
		Release Inferno SSE2|Win32 = Release Inferno SSE2|Win32
		Release Inferno|Win32 = Release Inferno|Win32
		Release SSE|Win32 = Release SSE|Win32
		Release SSE2|Win32 = Release SSE2|Win32
		Release|Win32 = Release|Win32
		Template|Win32 = Template|Win32
	EndGlobalSection
	GlobalSection(ProjectConfigurationPlatforms) = postSolution
		{97D8BF03-E17C-1464-C00F-4C2E9330A2BA}.Debug Inferno SSE|Win32.ActiveCfg = Debug|Win32
		{97D8BF03-E17C-1464-C00F-4C2E9330A2BA}.Debug Inferno SSE|Win32.Build.0 = Debug|Win32
		{97D8BF03-E17C-1464-C00F-4C2E9330A2BA}.Debug Inferno SSE2|Win32.ActiveCfg = Debug|Win32
		{97D8BF03-E17C-1464-C00F-4C2E9330A2BA}.Debug Inferno SSE2|Win32.Build.0 = Debug|Win32
		{97D8BF03-E17C-1464-C00F-4C2E9330A2BA}.Debug Inferno|Win32.ActiveCfg = Debug|Win32
		{97D8BF03-E17C-1464-C00F-4C2E9330A2BA}.Debug Inferno|Win32.Build.0 = Debug|Win32
		{97D8BF03-E17C-1464-C00F-4C2E9330A2BA}.Debug SSE|Win32.ActiveCfg = Debug|Win32
		{97D8BF03-E17C-1464-C00F-4C2E9330A2BA}.Debug SSE|Win32.Build.0 = Debug|Win32
		{97D8BF03-E17C-1464-C00F-4C2E9330A2BA}.Debug SSE2|Win32.ActiveCfg = Debug|Win32
		{97D8BF03-E17C-1464-C00F-4C2E9330A2BA}.Debug SSE2|Win32.Build.0 = Debug|Win32
		{97D8BF03-E17C-1464-C00F-4C2E9330A2BA}.Debug|Win32.ActiveCfg = Debug|Win32
		{97D8BF03-E17C-1464-C00F-4C2E9330A2BA}.Debug|Win32.Build.0 = Debug|Win32
		{97D8BF03-E17C-1464-C00F-4C2E9330A2BA}.Release Inferno SSE|Win32.ActiveCfg = Release|Win32
		{97D8BF03-E17C-1464-C00F-4C2E9330A2BA}.Release Inferno SSE|Win32.Build.0 = Release|Win32
		{97D8BF03-E17C-1464-C00F-4C2E9330A2BA}.Release Inferno SSE2|Win32.ActiveCfg = Release|Win32
		{97D8BF03-E17C-1464-C00F-4C2E9330A2BA}.Release Inferno SSE2|Win32.Build.0 = Release|Win32
		{97D8BF03-E17C-1464-C00F-4C2E9330A2BA}.Release Inferno|Win32.ActiveCfg = Release|Win32
		{97D8BF03-E17C-1464-C00F-4C2E9330A2BA}.Release Inferno|Win32.Build.0 = Release|Win32
		{97D8BF03-E17C-1464-C00F-4C2E9330A2BA}.Release SSE|Win32.ActiveCfg = Release|Win32
		{97D8BF03-E17C-1464-C00F-4C2E9330A2BA}.Release SSE|Win32.Build.0 = Release|Win32
		{97D8BF03-E17C-1464-C00F-4C2E9330A2BA}.Release SSE2|Win32.ActiveCfg = Release|Win32
		{97D8BF03-E17C-1464-C00F-4C2E9330A2BA}.Release SSE2|Win32.Build.0 = Release|Win32
		{97D8BF03-E17C-1464-C00F-4C2E9330A2BA}.Release|Win32.ActiveCfg = Release|Win32
		{97D8BF03-E17C-1464-C00F-4C2E9330A2BA}.Release|Win32.Build.0 = Release|Win32
		{97D8BF03-E17C-1464-C00F-4C2E9330A2BA}.Template|Win32.ActiveCfg = Release|Win32
		{97D8BF03-E17C-1464-C00F-4C2E9330A2BA}.Template|Win32.Build.0 = Release|Win32
		{D05CBFA1-0F55-B7EF-0FCA-6E5284AF0BA6}.Debug Inferno SSE|Win32.ActiveCfg = Debug|Win32
		{D05CBFA1-0F55-B7EF-0FCA-6E5284AF0BA6}.Debug Inferno SSE|Win32.Build.0 = Debug|Win32
		{D05CBFA1-0F55-B7EF-0FCA-6E5284AF0BA6}.Debug Inferno SSE2|Win32.ActiveCfg = Debug|Win32
		{D05CBFA1-0F55-B7EF-0FCA-6E5284AF0BA6}.Debug Inferno SSE2|Win32.Build.0 = Debug|Win32
		{D05CBFA1-0F55-B7EF-0FCA-6E5284AF0BA6}.Debug Inferno|Win32.ActiveCfg = Debug|Win32
		{D05CBFA1-0F55-B7EF-0FCA-6E5284AF0BA6}.Debug Inferno|Win32.Build.0 = Debug|Win32
		{D05CBFA1-0F55-B7EF-0FCA-6E5284AF0BA6}.Debug SSE|Win32.ActiveCfg = Debug|Win32
		{D05CBFA1-0F55-B7EF-0FCA-6E5284AF0BA6}.Debug SSE|Win32.Build.0 = Debug|Win32
		{D05CBFA1-0F55-B7EF-0FCA-6E5284AF0BA6}.Debug SSE2|Win32.ActiveCfg = Debug|Win32
		{D05CBFA1-0F55-B7EF-0FCA-6E5284AF0BA6}.Debug SSE2|Win32.Build.0 = Debug|Win32
		{D05CBFA1-0F55-B7EF-0FCA-6E5284AF0BA6}.Debug|Win32.ActiveCfg = Debug|Win32
		{D05CBFA1-0F55-B7EF-0FCA-6E5284AF0BA6}.Debug|Win32.Build.0 = Debug|Win32
		{D05CBFA1-0F55-B7EF-0FCA-6E5284AF0BA6}.Release Inferno SSE|Win32.ActiveCfg = Release|Win32
		{D05CBFA1-0F55-B7EF-0FCA-6E5284AF0BA6}.Release Inferno SSE|Win32.Build.0 = Release|Win32
		{D05CBFA1-0F55-B7EF-0FCA-6E5284AF0BA6}.Release Inferno SSE2|Win32.ActiveCfg = Release|Win32
		{D05CBFA1-0F55-B7EF-0FCA-6E5284AF0BA6}.Release Inferno SSE2|Win32.Build.0 = Release|Win32
		{D05CBFA1-0F55-B7EF-0FCA-6E5284AF0BA6}.Release Inferno|Win32.ActiveCfg = Release|Win32
		{D05CBFA1-0F55-B7EF-0FCA-6E5284AF0BA6}.Release Inferno|Win32.Build.0 = Release|Win32
		{D05CBFA1-0F55-B7EF-0FCA-6E5284AF0BA6}.Release SSE|Win32.ActiveCfg = Release|Win32
		{D05CBFA1-0F55-B7EF-0FCA-6E5284AF0BA6}.Release SSE|Win32.Build.0 = Release|Win32
		{D05CBFA1-0F55-B7EF-0FCA-6E5284AF0BA6}.Release SSE2|Win32.ActiveCfg = Release|Win32
		{D05CBFA1-0F55-B7EF-0FCA-6E5284AF0BA6}.Release SSE2|Win32.Build.0 = Release|Win32
		{D05CBFA1-0F55-B7EF-0FCA-6E5284AF0BA6}.Release|Win32.ActiveCfg = Release|Win32
		{D05CBFA1-0F55-B7EF-0FCA-6E5284AF0BA6}.Release|Win32.Build.0 = Release|Win32
		{D05CBFA1-0F55-B7EF-0FCA-6E5284AF0BA6}.Template|Win32.ActiveCfg = Template|Win32
		{D05CBFA1-0F55-B7EF-0FCA-6E5284AF0BA6}.Template|Win32.Build.0 = Template|Win32
		{235F1283-ADF3-2610-6172-F63C1B91614C}.Debug Inferno SSE|Win32.ActiveCfg = Debug|Win32
		{235F1283-ADF3-2610-6172-F63C1B91614C}.Debug Inferno SSE|Win32.Build.0 = Debug|Win32
		{235F1283-ADF3-2610-6172-F63C1B91614C}.Debug Inferno SSE2|Win32.ActiveCfg = Debug|Win32
		{235F1283-ADF3-2610-6172-F63C1B91614C}.Debug Inferno SSE2|Win32.Build.0 = Debug|Win32
		{235F1283-ADF3-2610-6172-F63C1B91614C}.Debug Inferno|Win32.ActiveCfg = Debug|Win32
		{235F1283-ADF3-2610-6172-F63C1B91614C}.Debug Inferno|Win32.Build.0 = Debug|Win32
		{235F1283-ADF3-2610-6172-F63C1B91614C}.Debug SSE|Win32.ActiveCfg = Debug|Win32
		{235F1283-ADF3-2610-6172-F63C1B91614C}.Debug SSE|Win32.Build.0 = Debug|Win32
		{235F1283-ADF3-2610-6172-F63C1B91614C}.Debug SSE2|Win32.ActiveCfg = Debug|Win32
		{235F1283-ADF3-2610-6172-F63C1B91614C}.Debug SSE2|Win32.Build.0 = Debug|Win32
		{235F1283-ADF3-2610-6172-F63C1B91614C}.Debug|Win32.ActiveCfg = Debug|Win32
		{235F1283-ADF3-2610-6172-F63C1B91614C}.Debug|Win32.Build.0 = Debug|Win32
		{235F1283-ADF3-2610-6172-F63C1B91614C}.Release Inferno SSE|Win32.ActiveCfg = Release|Win32
		{235F1283-ADF3-2610-6172-F63C1B91614C}.Release Inferno SSE|Win32.Build.0 = Release|Win32
		{235F1283-ADF3-2610-6172-F63C1B91614C}.Release Inferno SSE2|Win32.ActiveCfg = Release|Win32
		{235F1283-ADF3-2610-6172-F63C1B91614C}.Release Inferno SSE2|Win32.Build.0 = Release|Win32
		{235F1283-ADF3-2610-6172-F63C1B91614C}.Release Inferno|Win32.ActiveCfg = Release|Win32
		{235F1283-ADF3-2610-6172-F63C1B91614C}.Release Inferno|Win32.Build.0 = Release|Win32
		{235F1283-ADF3-2610-6172-F63C1B91614C}.Release SSE|Win32.ActiveCfg = Release|Win32
		{235F1283-ADF3-2610-6172-F63C1B91614C}.Release SSE|Win32.Build.0 = Release|Win32
		{235F1283-ADF3-2610-6172-F63C1B91614C}.Release SSE2|Win32.ActiveCfg = Release|Win32
		{235F1283-ADF3-2610-6172-F63C1B91614C}.Release SSE2|Win32.Build.0 = Release|Win32
		{235F1283-ADF3-2610-6172-F63C1B91614C}.Release|Win32.ActiveCfg = Release|Win32
		{235F1283-ADF3-2610-6172-F63C1B91614C}.Release|Win32.Build.0 = Release|Win32
		{235F1283-ADF3-2610-6172-F63C1B91614C}.Template|Win32.ActiveCfg = Template|Win32
		{235F1283-ADF3-2610-6172-F63C1B91614C}.Template|Win32.Build.0 = Template|Win32
		{6622FF0A-96E6-A43D-71E9-1B17FA1CCD93}.Debug Inferno SSE|Win32.ActiveCfg = Debug|Win32
		{6622FF0A-96E6-A43D-71E9-1B17FA1CCD93}.Debug Inferno SSE|Win32.Build.0 = Debug|Win32
		{6622FF0A-96E6-A43D-71E9-1B17FA1CCD93}.Debug Inferno SSE2|Win32.ActiveCfg = Debug|Win32
		{6622FF0A-96E6-A43D-71E9-1B17FA1CCD93}.Debug Inferno SSE2|Win32.Build.0 = Debug|Win32
		{6622FF0A-96E6-A43D-71E9-1B17FA1CCD93}.Debug Inferno|Win32.ActiveCfg = Debug|Win32
		{6622FF0A-96E6-A43D-71E9-1B17FA1CCD93}.Debug Inferno|Win32.Build.0 = Debug|Win32
		{6622FF0A-96E6-A43D-71E9-1B17FA1CCD93}.Debug SSE|Win32.ActiveCfg = Debug|Win32
		{6622FF0A-96E6-A43D-71E9-1B17FA1CCD93}.Debug SSE|Win32.Build.0 = Debug|Win32
		{6622FF0A-96E6-A43D-71E9-1B17FA1CCD93}.Debug SSE2|Win32.ActiveCfg = Debug|Win32
		{6622FF0A-96E6-A43D-71E9-1B17FA1CCD93}.Debug SSE2|Win32.Build.0 = Debug|Win32
		{6622FF0A-96E6-A43D-71E9-1B17FA1CCD93}.Debug|Win32.ActiveCfg = Debug|Win32
		{6622FF0A-96E6-A43D-71E9-1B17FA1CCD93}.Debug|Win32.Build.0 = Debug|Win32
		{6622FF0A-96E6-A43D-71E9-1B17FA1CCD93}.Release Inferno SSE|Win32.ActiveCfg = Release|Win32
		{6622FF0A-96E6-A43D-71E9-1B17FA1CCD93}.Release Inferno SSE|Win32.Build.0 = Release|Win32
		{6622FF0A-96E6-A43D-71E9-1B17FA1CCD93}.Release Inferno SSE2|Win32.ActiveCfg = Release|Win32
		{6622FF0A-96E6-A43D-71E9-1B17FA1CCD93}.Release Inferno SSE2|Win32.Build.0 = Release|Win32
		{6622FF0A-96E6-A43D-71E9-1B17FA1CCD93}.Release Inferno|Win32.ActiveCfg = Release|Win32
		{6622FF0A-96E6-A43D-71E9-1B17FA1CCD93}.Release Inferno|Win32.Build.0 = Release|Win32
		{6622FF0A-96E6-A43D-71E9-1B17FA1CCD93}.Release SSE|Win32.ActiveCfg = Release|Win32
		{6622FF0A-96E6-A43D-71E9-1B17FA1CCD93}.Release SSE|Win32.Build.0 = Release|Win32
		{6622FF0A-96E6-A43D-71E9-1B17FA1CCD93}.Release SSE2|Win32.ActiveCfg = Release|Win32
		{6622FF0A-96E6-A43D-71E9-1B17FA1CCD93}.Release SSE2|Win32.Build.0 = Release|Win32
		{6622FF0A-96E6-A43D-71E9-1B17FA1CCD93}.Release|Win32.ActiveCfg = Release|Win32
		{6622FF0A-96E6-A43D-71E9-1B17FA1CCD93}.Release|Win32.Build.0 = Release|Win32
		{6622FF0A-96E6-A43D-71E9-1B17FA1CCD93}.Template|Win32.ActiveCfg = Template|Win32
		{6622FF0A-96E6-A43D-71E9-1B17FA1CCD93}.Template|Win32.Build.0 = Template|Win32
		{3CCA1A34-FCCF-D7DB-E6D8-A46D622C401B}.Debug Inferno SSE|Win32.ActiveCfg = Debug|Win32
		{3CCA1A34-FCCF-D7DB-E6D8-A46D622C401B}.Debug Inferno SSE|Win32.Build.0 = Debug|Win32
		{3CCA1A34-FCCF-D7DB-E6D8-A46D622C401B}.Debug Inferno SSE2|Win32.ActiveCfg = Debug|Win32
		{3CCA1A34-FCCF-D7DB-E6D8-A46D622C401B}.Debug Inferno SSE2|Win32.Build.0 = Debug|Win32
		{3CCA1A34-FCCF-D7DB-E6D8-A46D622C401B}.Debug Inferno|Win32.ActiveCfg = Debug|Win32
		{3CCA1A34-FCCF-D7DB-E6D8-A46D622C401B}.Debug Inferno|Win32.Build.0 = Debug|Win32
		{3CCA1A34-FCCF-D7DB-E6D8-A46D622C401B}.Debug SSE|Win32.ActiveCfg = Debug|Win32
		{3CCA1A34-FCCF-D7DB-E6D8-A46D622C401B}.Debug SSE|Win32.Build.0 = Debug|Win32
		{3CCA1A34-FCCF-D7DB-E6D8-A46D622C401B}.Debug SSE2|Win32.ActiveCfg = Debug|Win32
		{3CCA1A34-FCCF-D7DB-E6D8-A46D622C401B}.Debug SSE2|Win32.Build.0 = Debug|Win32
		{3CCA1A34-FCCF-D7DB-E6D8-A46D622C401B}.Debug|Win32.ActiveCfg = Debug|Win32
		{3CCA1A34-FCCF-D7DB-E6D8-A46D622C401B}.Debug|Win32.Build.0 = Debug|Win32
		{3CCA1A34-FCCF-D7DB-E6D8-A46D622C401B}.Release Inferno SSE|Win32.ActiveCfg = Release|Win32
		{3CCA1A34-FCCF-D7DB-E6D8-A46D622C401B}.Release Inferno SSE|Win32.Build.0 = Release|Win32
		{3CCA1A34-FCCF-D7DB-E6D8-A46D622C401B}.Release Inferno SSE2|Win32.ActiveCfg = Release|Win32
		{3CCA1A34-FCCF-D7DB-E6D8-A46D622C401B}.Release Inferno SSE2|Win32.Build.0 = Release|Win32
		{3CCA1A34-FCCF-D7DB-E6D8-A46D622C401B}.Release Inferno|Win32.ActiveCfg = Release|Win32
		{3CCA1A34-FCCF-D7DB-E6D8-A46D622C401B}.Release Inferno|Win32.Build.0 = Release|Win32
		{3CCA1A34-FCCF-D7DB-E6D8-A46D622C401B}.Release SSE|Win32.ActiveCfg = Release|Win32
		{3CCA1A34-FCCF-D7DB-E6D8-A46D622C401B}.Release SSE|Win32.Build.0 = Release|Win32
		{3CCA1A34-FCCF-D7DB-E6D8-A46D622C401B}.Release SSE2|Win32.ActiveCfg = Release|Win32
		{3CCA1A34-FCCF-D7DB-E6D8-A46D622C401B}.Release SSE2|Win32.Build.0 = Release|Win32
		{3CCA1A34-FCCF-D7DB-E6D8-A46D622C401B}.Release|Win32.ActiveCfg = Release|Win32
		{3CCA1A34-FCCF-D7DB-E6D8-A46D622C401B}.Release|Win32.Build.0 = Release|Win32
		{3CCA1A34-FCCF-D7DB-E6D8-A46D622C401B}.Template|Win32.ActiveCfg = Template|Win32
		{3CCA1A34-FCCF-D7DB-E6D8-A46D622C401B}.Template|Win32.Build.0 = Template|Win32
		{75459DCB-61B5-811E-9994-D3A41FF13467}.Debug Inferno SSE|Win32.ActiveCfg = Debug|Win32
		{75459DCB-61B5-811E-9994-D3A41FF13467}.Debug Inferno SSE|Win32.Build.0 = Debug|Win32
		{75459DCB-61B5-811E-9994-D3A41FF13467}.Debug Inferno SSE2|Win32.ActiveCfg = Debug|Win32
		{75459DCB-61B5-811E-9994-D3A41FF13467}.Debug Inferno SSE2|Win32.Build.0 = Debug|Win32
		{75459DCB-61B5-811E-9994-D3A41FF13467}.Debug Inferno|Win32.ActiveCfg = Debug|Win32
		{75459DCB-61B5-811E-9994-D3A41FF13467}.Debug Inferno|Win32.Build.0 = Debug|Win32
		{75459DCB-61B5-811E-9994-D3A41FF13467}.Debug SSE|Win32.ActiveCfg = Debug|Win32
		{75459DCB-61B5-811E-9994-D3A41FF13467}.Debug SSE|Win32.Build.0 = Debug|Win32
		{75459DCB-61B5-811E-9994-D3A41FF13467}.Debug SSE2|Win32.ActiveCfg = Debug|Win32
		{75459DCB-61B5-811E-9994-D3A41FF13467}.Debug SSE2|Win32.Build.0 = Debug|Win32
		{75459DCB-61B5-811E-9994-D3A41FF13467}.Debug|Win32.ActiveCfg = Debug|Win32
		{75459DCB-61B5-811E-9994-D3A41FF13467}.Debug|Win32.Build.0 = Debug|Win32
		{75459DCB-61B5-811E-9994-D3A41FF13467}.Release Inferno SSE|Win32.ActiveCfg = Release|Win32
		{75459DCB-61B5-811E-9994-D3A41FF13467}.Release Inferno SSE|Win32.Build.0 = Release|Win32
		{75459DCB-61B5-811E-9994-D3A41FF13467}.Release Inferno SSE2|Win32.ActiveCfg = Release|Win32
		{75459DCB-61B5-811E-9994-D3A41FF13467}.Release Inferno SSE2|Win32.Build.0 = Release|Win32
		{75459DCB-61B5-811E-9994-D3A41FF13467}.Release Inferno|Win32.ActiveCfg = Release|Win32
		{75459DCB-61B5-811E-9994-D3A41FF13467}.Release Inferno|Win32.Build.0 = Release|Win32
		{75459DCB-61B5-811E-9994-D3A41FF13467}.Release SSE|Win32.ActiveCfg = Release|Win32
		{75459DCB-61B5-811E-9994-D3A41FF13467}.Release SSE|Win32.Build.0 = Release|Win32
		{75459DCB-61B5-811E-9994-D3A41FF13467}.Release SSE2|Win32.ActiveCfg = Release|Win32
		{75459DCB-61B5-811E-9994-D3A41FF13467}.Release SSE2|Win32.Build.0 = Release|Win32
		{75459DCB-61B5-811E-9994-D3A41FF13467}.Release|Win32.ActiveCfg = Release|Win32
		{75459DCB-61B5-811E-9994-D3A41FF13467}.Release|Win32.Build.0 = Release|Win32
		{75459DCB-61B5-811E-9994-D3A41FF13467}.Template|Win32.ActiveCfg = Template|Win32
		{75459DCB-61B5-811E-9994-D3A41FF13467}.Template|Win32.Build.0 = Template|Win32
		{86C01EAC-2406-40A7-B744-AA858B7607A9}.Debug Inferno SSE|Win32.ActiveCfg = Debug Inferno SSE|Win32
		{86C01EAC-2406-40A7-B744-AA858B7607A9}.Debug Inferno SSE|Win32.Build.0 = Debug Inferno SSE|Win32
		{86C01EAC-2406-40A7-B744-AA858B7607A9}.Debug Inferno SSE2|Win32.ActiveCfg = Debug Inferno SSE2|Win32
		{86C01EAC-2406-40A7-B744-AA858B7607A9}.Debug Inferno SSE2|Win32.Build.0 = Debug Inferno SSE2|Win32
		{86C01EAC-2406-40A7-B744-AA858B7607A9}.Debug Inferno|Win32.ActiveCfg = Debug Inferno|Win32
		{86C01EAC-2406-40A7-B744-AA858B7607A9}.Debug Inferno|Win32.Build.0 = Debug Inferno|Win32
		{86C01EAC-2406-40A7-B744-AA858B7607A9}.Debug SSE|Win32.ActiveCfg = Debug SSE|Win32
		{86C01EAC-2406-40A7-B744-AA858B7607A9}.Debug SSE|Win32.Build.0 = Debug SSE|Win32
		{86C01EAC-2406-40A7-B744-AA858B7607A9}.Debug SSE2|Win32.ActiveCfg = Debug SSE2|Win32
		{86C01EAC-2406-40A7-B744-AA858B7607A9}.Debug SSE2|Win32.Build.0 = Debug SSE2|Win32
		{86C01EAC-2406-40A7-B744-AA858B7607A9}.Debug|Win32.ActiveCfg = Debug|Win32
		{86C01EAC-2406-40A7-B744-AA858B7607A9}.Debug|Win32.Build.0 = Debug|Win32
		{86C01EAC-2406-40A7-B744-AA858B7607A9}.Release Inferno SSE|Win32.ActiveCfg = Release Inferno SSE|Win32
		{86C01EAC-2406-40A7-B744-AA858B7607A9}.Release Inferno SSE|Win32.Build.0 = Release Inferno SSE|Win32
		{86C01EAC-2406-40A7-B744-AA858B7607A9}.Release Inferno SSE2|Win32.ActiveCfg = Release Inferno SSE2|Win32
		{86C01EAC-2406-40A7-B744-AA858B7607A9}.Release Inferno SSE2|Win32.Build.0 = Release Inferno SSE2|Win32
		{86C01EAC-2406-40A7-B744-AA858B7607A9}.Release Inferno|Win32.ActiveCfg = Release Inferno|Win32
		{86C01EAC-2406-40A7-B744-AA858B7607A9}.Release Inferno|Win32.Build.0 = Release Inferno|Win32
		{86C01EAC-2406-40A7-B744-AA858B7607A9}.Release SSE|Win32.ActiveCfg = Release SSE|Win32
		{86C01EAC-2406-40A7-B744-AA858B7607A9}.Release SSE|Win32.Build.0 = Release SSE|Win32
		{86C01EAC-2406-40A7-B744-AA858B7607A9}.Release SSE2|Win32.ActiveCfg = Release SSE2|Win32
		{86C01EAC-2406-40A7-B744-AA858B7607A9}.Release SSE2|Win32.Build.0 = Release SSE2|Win32
		{86C01EAC-2406-40A7-B744-AA858B7607A9}.Release|Win32.ActiveCfg = Release|Win32
		{86C01EAC-2406-40A7-B744-AA858B7607A9}.Release|Win32.Build.0 = Release|Win32
		{86C01EAC-2406-40A7-B744-AA858B7607A9}.Template|Win32.ActiveCfg = Release|Win32
		{86C01EAC-2406-40A7-B744-AA858B7607A9}.Template|Win32.Build.0 = Release|Win32
	EndGlobalSection
	GlobalSection(SolutionProperties) = preSolution
		HideSolutionNode = FALSE
	EndGlobalSection
EndGlobal
